# This file is automatically @generated by Cargo.
# It is not intended for manual editing.
version = 3

[[package]]
name = "assembly-line"
version = "0.1.0"

[[package]]
name = "beer-song"
version = "0.0.0"

[[package]]
name = "gigasecond"
version = "2.0.0"
dependencies = [
 "time",
]

[[package]]
name = "health_statistics"
version = "0.1.0"

[[package]]
name = "hello-world"
version = "1.1.0"

[[package]]
name = "libc"
version = "0.2.107"
source = "registry+https://github.com/rust-lang/crates.io-index"
checksum = "fbe5e23404da5b4f555ef85ebed98fb4083e55a00c317800bc2a50ede9f3d219"

[[package]]
name = "low_power_embedded_game"
version = "0.1.0"

[[package]]
name = "lucians-luscious-lasagna"
version = "0.1.0"

[[package]]
name = "magazine_cutout"
version = "0.1.0"

[[package]]
name = "reverse_string"
version = "1.2.0"
dependencies = [
 "unicode-segmentation",
]

[[package]]
name = "role_playing_game"
version = "0.1.0"

[[package]]
name = "rpn_calculator"
version = "0.1.0"

[[package]]
name = "semi_structured_logs"
version = "0.1.0"

[[package]]
name = "short_fibonacci"
version = "0.1.0"

[[package]]
name = "time"
version = "0.3.4"
source = "registry+https://github.com/rust-lang/crates.io-index"
checksum = "99beeb0daeac2bd1e86ac2c21caddecb244b39a093594da1a661ec2060c7aedd"
dependencies = [
 "libc",
]

[[package]]
name = "unicode-segmentation"
version = "1.8.0"
source = "registry+https://github.com/rust-lang/crates.io-index"
checksum = "8895849a949e7845e06bd6dc1aa51731a103c42707010a5b591c0038fb73385b"
